
Microsoft Visual Studio Solution File, Format Version 12.00
# Visual Studio Version 16
VisualStudioVersion = 16.0.30717.126
MinimumVisualStudioVersion = 10.0.40219.1
Project("{9A19103F-16F7-4668-BE54-9A1E7A4F7556}") = "Likvido.Configurations", "Likvido.Configurations\Likvido.Configurations.csproj", "{C229CAE7-C583-46A7-94D2-FF6882D44C72}"
EndProject
Project("{2150E333-8FDC-42A3-9474-1A3956D46DE8}") = "Solution Items", "Solution Items", "{85F70383-95FF-462A-8127-2682C7F77A67}"
	ProjectSection(SolutionItems) = preProject
		..\.github\workflows\nuget.yml = ..\.github\workflows\nuget.yml
		..\README.md = ..\README.md
		version.props = version.props
		..\.gitignore = ..\.gitignore
	EndProjectSection
EndProject
Global
	GlobalSection(SolutionConfigurationPlatforms) = preSolution
		Debug|Any CPU = Debug|Any CPU
		Release|Any CPU = Release|Any CPU
	EndGlobalSection
	GlobalSection(ProjectConfigurationPlatforms) = postSolution
		{C229CAE7-C583-46A7-94D2-FF6882D44C72}.Debug|Any CPU.ActiveCfg = Debug|Any CPU
		{C229CAE7-C583-46A7-94D2-FF6882D44C72}.Debug|Any CPU.Build.0 = Debug|Any CPU
		{C229CAE7-C583-46A7-94D2-FF6882D44C72}.Release|Any CPU.ActiveCfg = Release|Any CPU
		{C229CAE7-C583-46A7-94D2-FF6882D44C72}.Release|Any CPU.Build.0 = Release|Any CPU
	EndGlobalSection
	GlobalSection(SolutionProperties) = preSolution
		HideSolutionNode = FALSE
	EndGlobalSection
	GlobalSection(ExtensibilityGlobals) = postSolution
		SolutionGuid = {E67D7D60-C566-46E2-9B48-A1005AB3CD31}
	EndGlobalSection
EndGlobal
